
Microsoft Visual Studio Solution File, Format Version 12.00
# Visual Studio Version 17
VisualStudioVersion = 17.4.33205.214
MinimumVisualStudioVersion = 10.0.40219.1
Project("{9A19103F-16F7-4668-BE54-9A1E7A4F7556}") = "FreddiesF1FantasySite", "FreddiesF1FantasySite.csproj", "{6FDFDAE6-537A-415D-ADE1-A12ED645E36E}"
EndProject
Project("{9A19103F-16F7-4668-BE54-9A1E7A4F7556}") = "F1FantasyLibrary", "..\F1FantasyLibrary\F1FantasyLibrary.csproj", "{601510AA-C5EF-4329-9B05-75E18C6ECE5B}"
EndProject
Project("{FAE04EC0-301F-11D3-BF4B-00C04F79EFBC}") = "NewF1FantasyLibrary", "..\NewF1FantasyLibrary\NewF1FantasyLibrary.csproj", "{0B17E284-0807-4FEC-9C09-C8E7A9FABD78}"
EndProject
Global
	GlobalSection(SolutionConfigurationPlatforms) = preSolution
		Debug|Any CPU = Debug|Any CPU
		Release|Any CPU = Release|Any CPU
	EndGlobalSection
	GlobalSection(ProjectConfigurationPlatforms) = postSolution
		{6FDFDAE6-537A-415D-ADE1-A12ED645E36E}.Debug|Any CPU.ActiveCfg = Debug|Any CPU
		{6FDFDAE6-537A-415D-ADE1-A12ED645E36E}.Debug|Any CPU.Build.0 = Debug|Any CPU
		{6FDFDAE6-537A-415D-ADE1-A12ED645E36E}.Release|Any CPU.ActiveCfg = Release|Any CPU
		{6FDFDAE6-537A-415D-ADE1-A12ED645E36E}.Release|Any CPU.Build.0 = Release|Any CPU
		{601510AA-C5EF-4329-9B05-75E18C6ECE5B}.Debug|Any CPU.ActiveCfg = Debug|Any CPU
		{601510AA-C5EF-4329-9B05-75E18C6ECE5B}.Debug|Any CPU.Build.0 = Debug|Any CPU
		{601510AA-C5EF-4329-9B05-75E18C6ECE5B}.Release|Any CPU.ActiveCfg = Release|Any CPU
		{601510AA-C5EF-4329-9B05-75E18C6ECE5B}.Release|Any CPU.Build.0 = Release|Any CPU
		{0B17E284-0807-4FEC-9C09-C8E7A9FABD78}.Debug|Any CPU.ActiveCfg = Debug|Any CPU
		{0B17E284-0807-4FEC-9C09-C8E7A9FABD78}.Debug|Any CPU.Build.0 = Debug|Any CPU
		{0B17E284-0807-4FEC-9C09-C8E7A9FABD78}.Release|Any CPU.ActiveCfg = Release|Any CPU
		{0B17E284-0807-4FEC-9C09-C8E7A9FABD78}.Release|Any CPU.Build.0 = Release|Any CPU
	EndGlobalSection
	GlobalSection(SolutionProperties) = preSolution
		HideSolutionNode = FALSE
	EndGlobalSection
	GlobalSection(ExtensibilityGlobals) = postSolution
		SolutionGuid = {F33E508D-746B-4424-B28F-96EF2EDC4546}
	EndGlobalSection
EndGlobal
